// !$*UTF8*$!
{
	archiveVersion = 1;
	classes = {
	};
	objectVersion = 77;
	objects = {

/* Begin PBXBuildFile section */
		004151BA95645ACF55026B4B /* LanguageManager.swift in Sources */ = {isa = PBXBuildFile; fileRef = 872E50F0C8C295279992F1AC /* LanguageManager.swift */; };
		06A03DD249CF20D348468B79 /* GradientDescentView.swift in Sources */ = {isa = PBXBuildFile; fileRef = 5B3FE6FD1F2460025E7CA558 /* GradientDescentView.swift */; };
		06FD44028016891ECCBBA77A /* Math_LinearAlgebra.swift in Sources */ = {isa = PBXBuildFile; fileRef = 82C8BF0D74DADE1B87100EAB /* Math_LinearAlgebra.swift */; };
		0FC314E0F94FFC00C8F3EE48 /* ContentLoader.swift in Sources */ = {isa = PBXBuildFile; fileRef = 21F4CBF57D70D7677A4E5AEB /* ContentLoader.swift */; };
		1B88A92587D8B23565145E04 /* NeuralNetworkView.swift in Sources */ = {isa = PBXBuildFile; fileRef = C2B205267F4A91D83590C523 /* NeuralNetworkView.swift */; };
		2DB634F01A1AEDE5F61651F2 /* ProblemSolving_Optimization.swift in Sources */ = {isa = PBXBuildFile; fileRef = DF7734423A3C4C9370A17344 /* ProblemSolving_Optimization.swift */; };
		2F93663036C526FDB84D4472 /* Assets.xcassets in Resources */ = {isa = PBXBuildFile; fileRef = 595DA7C76B2BA0FA34530028 /* Assets.xcassets */; };
		3362A39D8A4DEDCF3BBE9445 /* LinearRegressionView.swift in Sources */ = {isa = PBXBuildFile; fileRef = 070F9D3C8E2E26F352B7A98E /* LinearRegressionView.swift */; };
		374BFD849E6D7CC55E64BEFB /* ActivationFunctionsView.swift in Sources */ = {isa = PBXBuildFile; fileRef = 4836A9DD0A102FA60DB60AAB /* ActivationFunctionsView.swift */; };
		3A451D0DA2FB06466FF9D934 /* QuizSessionView.swift in Sources */ = {isa = PBXBuildFile; fileRef = 3E8639771D175329FCED10A8 /* QuizSessionView.swift */; };
		3F365B2589987F899C6C036A /* AIMLDL_NLP.swift in Sources */ = {isa = PBXBuildFile; fileRef = 436C960E31BA9A6A370B56C8 /* AIMLDL_NLP.swift */; };
		3FAC91401BAFD157513A8A2B /* Math_Probability.swift in Sources */ = {isa = PBXBuildFile; fileRef = 8C04E0FD1BFA9D7C9FBEF6FE /* Math_Probability.swift */; };
		47DC64DD04E117675B3A6061 /* LessonView.swift in Sources */ = {isa = PBXBuildFile; fileRef = 18EFD4DD129EB52D387C28E3 /* LessonView.swift */; };
		49A7EF4C60A4ED0E17E40EEA /* ProblemSolving_SystemDesign.swift in Sources */ = {isa = PBXBuildFile; fileRef = 2E2A9869220E937E9EC8F776 /* ProblemSolving_SystemDesign.swift */; };
		4E150F14C0171507AA7D6301 /* Computing_Debugging.swift in Sources */ = {isa = PBXBuildFile; fileRef = 2FBBE17A0D9854405CAD52FC /* Computing_Debugging.swift */; };
		57DC5289543C73BC00A0D90B /* AIMLDL_NeuralNetworks.swift in Sources */ = {isa = PBXBuildFile; fileRef = CC2F5DB9D88A11AC6D1DA241 /* AIMLDL_NeuralNetworks.swift */; };
		59270BC26111D3D4237032D3 /* DataModels.swift in Sources */ = {isa = PBXBuildFile; fileRef = 4EA0E9E962F2E226E0486A2F /* DataModels.swift */; };
		607DEC1702290DCF5ABD4156 /* Computing_NumPy.swift in Sources */ = {isa = PBXBuildFile; fileRef = 64E3537D0413779A7D01545D /* Computing_NumPy.swift */; };
		70C96C07AC285B5CE5B0CEAC /* ResultsView.swift in Sources */ = {isa = PBXBuildFile; fileRef = 46D770673DECE1D60D82C745 /* ResultsView.swift */; };
		7323FD7953DB77D930E259A3 /* ProfileView.swift in Sources */ = {isa = PBXBuildFile; fileRef = 548BC9AF213CE2A8DDFBCE3C /* ProfileView.swift */; };
		75289E8ECFBF5F43ED02A9FF /* LearningHomeView.swift in Sources */ = {isa = PBXBuildFile; fileRef = A53139D7078E530F8D976F01 /* LearningHomeView.swift */; };
		7D225F12C5003E48E5D35836 /* AIMLDL_GenAI.swift in Sources */ = {isa = PBXBuildFile; fileRef = A4F92880363CF46B2E1AEE65 /* AIMLDL_GenAI.swift */; };
		80444935ECB2C27092DABEA9 /* Math_Calculus.swift in Sources */ = {isa = PBXBuildFile; fileRef = 94EB83BCAA45554B7572E646 /* Math_Calculus.swift */; };
		806425887779285E8FB3D6FA /* Math_Optimization.swift in Sources */ = {isa = PBXBuildFile; fileRef = 604021575E93325A1FC24030 /* Math_Optimization.swift */; };
		8FA1849462325BC01CBCC221 /* NOAIQuestionBank.swift in Sources */ = {isa = PBXBuildFile; fileRef = 9E4EA3AA5231DC40EF8E1C18 /* NOAIQuestionBank.swift */; };
		939E2EF5E1747CA2597583A8 /* ProblemSolving_AlgorithmDesign.swift in Sources */ = {isa = PBXBuildFile; fileRef = B4B895E87CF79C9C16845A36 /* ProblemSolving_AlgorithmDesign.swift */; };
		9E79AEB6CA2F6DE520162852 /* KMeansView.swift in Sources */ = {isa = PBXBuildFile; fileRef = A754AA549075D9B0858FB0FD /* KMeansView.swift */; };
		9F2BC910639FE7B339DD16D0 /* AIMLDL_ClassicalML.swift in Sources */ = {isa = PBXBuildFile; fileRef = 06E085AE5175A7D3F75E3ECF /* AIMLDL_ClassicalML.swift */; };
		A2B7F6B44F2928E1D6F510DD /* Computing_Pandas.swift in Sources */ = {isa = PBXBuildFile; fileRef = 8114EFD51FFCB257D26D5C68 /* Computing_Pandas.swift */; };
		AEC627A736C01AA9A7C681E1 /* ContentView.swift in Sources */ = {isa = PBXBuildFile; fileRef = DB4166EC82DE7C3CA38AE86C /* ContentView.swift */; };
		BE5E5F25D30431CC00EA1A55 /* NOAIPrepApp.swift in Sources */ = {isa = PBXBuildFile; fileRef = 369DD95EF1F42AEDE115C478 /* NOAIPrepApp.swift */; };
		C30F420E5738A058702E730E /* PlaygroundHomeView.swift in Sources */ = {isa = PBXBuildFile; fileRef = 75322372D1EBC649F76C5FE4 /* PlaygroundHomeView.swift */; };
		CFF35CE377B9D96A90B7F985 /* GridBackground.swift in Sources */ = {isa = PBXBuildFile; fileRef = DC578DD4410D0DE8DF58AE0A /* GridBackground.swift */; };
		D19DF69EC20BC8B1F3A0906E /* Computing_PyTorch.swift in Sources */ = {isa = PBXBuildFile; fileRef = D805B94B714C597D519BFF8D /* Computing_PyTorch.swift */; };
		D382410A5387B5201CE3A0DF /* ProblemSolving_Debugging.swift in Sources */ = {isa = PBXBuildFile; fileRef = 0BBA79FA2547A784ADD09C2B /* ProblemSolving_Debugging.swift */; };
		D5B5172EA64E4115E07D9DC8 /* StatBox.swift in Sources */ = {isa = PBXBuildFile; fileRef = A8558BE9559F342EE1A1CE91 /* StatBox.swift */; };
		DC2BB62790C5D1D1E334F041 /* Color+Theme.swift in Sources */ = {isa = PBXBuildFile; fileRef = E101D939637C2BBEE70E7EF2 /* Color+Theme.swift */; };
		E3A7B34408B210851359F72A /* AIMLDL_ComputerVision.swift in Sources */ = {isa = PBXBuildFile; fileRef = 2C76FE25C7AA704FA8B0F5F0 /* AIMLDL_ComputerVision.swift */; };
		E8E3D84E70F06AB8F5A381F3 /* Computing_Python.swift in Sources */ = {isa = PBXBuildFile; fileRef = 53F5E5D834151A41052F9332 /* Computing_Python.swift */; };
		E92338E4CDAE88B60B1E25CC /* QuizHomeView.swift in Sources */ = {isa = PBXBuildFile; fileRef = 676E6E42857FF5CB4F8E44C9 /* QuizHomeView.swift */; };
		ED5E858AD4C87898174A6F00 /* VisualizationHomeView.swift in Sources */ = {isa = PBXBuildFile; fileRef = 33052E434DAA03CA0617E4AA /* VisualizationHomeView.swift */; };
/* End PBXBuildFile section */

/* Begin PBXFileReference section */
		06E085AE5175A7D3F75E3ECF /* AIMLDL_ClassicalML.swift */ = {isa = PBXFileReference; lastKnownFileType = sourcecode.swift; path = AIMLDL_ClassicalML.swift; sourceTree = "<group>"; };
		070F9D3C8E2E26F352B7A98E /* LinearRegressionView.swift */ = {isa = PBXFileReference; lastKnownFileType = sourcecode.swift; path = LinearRegressionView.swift; sourceTree = "<group>"; };
		0BBA79FA2547A784ADD09C2B /* ProblemSolving_Debugging.swift */ = {isa = PBXFileReference; lastKnownFileType = sourcecode.swift; path = ProblemSolving_Debugging.swift; sourceTree = "<group>"; };
		18EFD4DD129EB52D387C28E3 /* LessonView.swift */ = {isa = PBXFileReference; lastKnownFileType = sourcecode.swift; path = LessonView.swift; sourceTree = "<group>"; };
		21F4CBF57D70D7677A4E5AEB /* ContentLoader.swift */ = {isa = PBXFileReference; lastKnownFileType = sourcecode.swift; path = ContentLoader.swift; sourceTree = "<group>"; };
		2C76FE25C7AA704FA8B0F5F0 /* AIMLDL_ComputerVision.swift */ = {isa = PBXFileReference; lastKnownFileType = sourcecode.swift; path = AIMLDL_ComputerVision.swift; sourceTree = "<group>"; };
		2E2A9869220E937E9EC8F776 /* ProblemSolving_SystemDesign.swift */ = {isa = PBXFileReference; lastKnownFileType = sourcecode.swift; path = ProblemSolving_SystemDesign.swift; sourceTree = "<group>"; };
		2FBBE17A0D9854405CAD52FC /* Computing_Debugging.swift */ = {isa = PBXFileReference; lastKnownFileType = sourcecode.swift; path = Computing_Debugging.swift; sourceTree = "<group>"; };
		33052E434DAA03CA0617E4AA /* VisualizationHomeView.swift */ = {isa = PBXFileReference; lastKnownFileType = sourcecode.swift; path = VisualizationHomeView.swift; sourceTree = "<group>"; };
		369DD95EF1F42AEDE115C478 /* NOAIPrepApp.swift */ = {isa = PBXFileReference; lastKnownFileType = sourcecode.swift; path = NOAIPrepApp.swift; sourceTree = "<group>"; };
		3E8639771D175329FCED10A8 /* QuizSessionView.swift */ = {isa = PBXFileReference; lastKnownFileType = sourcecode.swift; path = QuizSessionView.swift; sourceTree = "<group>"; };
		436C960E31BA9A6A370B56C8 /* AIMLDL_NLP.swift */ = {isa = PBXFileReference; lastKnownFileType = sourcecode.swift; path = AIMLDL_NLP.swift; sourceTree = "<group>"; };
		46D770673DECE1D60D82C745 /* ResultsView.swift */ = {isa = PBXFileReference; lastKnownFileType = sourcecode.swift; path = ResultsView.swift; sourceTree = "<group>"; };
		4836A9DD0A102FA60DB60AAB /* ActivationFunctionsView.swift */ = {isa = PBXFileReference; lastKnownFileType = sourcecode.swift; path = ActivationFunctionsView.swift; sourceTree = "<group>"; };
		4EA0E9E962F2E226E0486A2F /* DataModels.swift */ = {isa = PBXFileReference; lastKnownFileType = sourcecode.swift; path = DataModels.swift; sourceTree = "<group>"; };
		53F5E5D834151A41052F9332 /* Computing_Python.swift */ = {isa = PBXFileReference; lastKnownFileType = sourcecode.swift; path = Computing_Python.swift; sourceTree = "<group>"; };
		548BC9AF213CE2A8DDFBCE3C /* ProfileView.swift */ = {isa = PBXFileReference; lastKnownFileType = sourcecode.swift; path = ProfileView.swift; sourceTree = "<group>"; };
		595DA7C76B2BA0FA34530028 /* Assets.xcassets */ = {isa = PBXFileReference; lastKnownFileType = folder.assetcatalog; path = Assets.xcassets; sourceTree = "<group>"; };
		5B3FE6FD1F2460025E7CA558 /* GradientDescentView.swift */ = {isa = PBXFileReference; lastKnownFileType = sourcecode.swift; path = GradientDescentView.swift; sourceTree = "<group>"; };
		604021575E93325A1FC24030 /* Math_Optimization.swift */ = {isa = PBXFileReference; lastKnownFileType = sourcecode.swift; path = Math_Optimization.swift; sourceTree = "<group>"; };
		64E3537D0413779A7D01545D /* Computing_NumPy.swift */ = {isa = PBXFileReference; lastKnownFileType = sourcecode.swift; path = Computing_NumPy.swift; sourceTree = "<group>"; };
		676E6E42857FF5CB4F8E44C9 /* QuizHomeView.swift */ = {isa = PBXFileReference; lastKnownFileType = sourcecode.swift; path = QuizHomeView.swift; sourceTree = "<group>"; };
		7385DD39D2CB5717C03A28B0 /* Info.plist */ = {isa = PBXFileReference; lastKnownFileType = text.plist; path = Info.plist; sourceTree = "<group>"; };
		75322372D1EBC649F76C5FE4 /* PlaygroundHomeView.swift */ = {isa = PBXFileReference; lastKnownFileType = sourcecode.swift; path = PlaygroundHomeView.swift; sourceTree = "<group>"; };
		8114EFD51FFCB257D26D5C68 /* Computing_Pandas.swift */ = {isa = PBXFileReference; lastKnownFileType = sourcecode.swift; path = Computing_Pandas.swift; sourceTree = "<group>"; };
		82C8BF0D74DADE1B87100EAB /* Math_LinearAlgebra.swift */ = {isa = PBXFileReference; lastKnownFileType = sourcecode.swift; path = Math_LinearAlgebra.swift; sourceTree = "<group>"; };
		872E50F0C8C295279992F1AC /* LanguageManager.swift */ = {isa = PBXFileReference; lastKnownFileType = sourcecode.swift; path = LanguageManager.swift; sourceTree = "<group>"; };
		8C04E0FD1BFA9D7C9FBEF6FE /* Math_Probability.swift */ = {isa = PBXFileReference; lastKnownFileType = sourcecode.swift; path = Math_Probability.swift; sourceTree = "<group>"; };
		94EB83BCAA45554B7572E646 /* Math_Calculus.swift */ = {isa = PBXFileReference; lastKnownFileType = sourcecode.swift; path = Math_Calculus.swift; sourceTree = "<group>"; };
		96A1B188CFDEC777192B8744 /* NOAIPrep.app */ = {isa = PBXFileReference; includeInIndex = 0; lastKnownFileType = wrapper.application; path = NOAIPrep.app; sourceTree = BUILT_PRODUCTS_DIR; };
		9E4EA3AA5231DC40EF8E1C18 /* NOAIQuestionBank.swift */ = {isa = PBXFileReference; lastKnownFileType = sourcecode.swift; path = NOAIQuestionBank.swift; sourceTree = "<group>"; };
		A4F92880363CF46B2E1AEE65 /* AIMLDL_GenAI.swift */ = {isa = PBXFileReference; lastKnownFileType = sourcecode.swift; path = AIMLDL_GenAI.swift; sourceTree = "<group>"; };
		A53139D7078E530F8D976F01 /* LearningHomeView.swift */ = {isa = PBXFileReference; lastKnownFileType = sourcecode.swift; path = LearningHomeView.swift; sourceTree = "<group>"; };
		A754AA549075D9B0858FB0FD /* KMeansView.swift */ = {isa = PBXFileReference; lastKnownFileType = sourcecode.swift; path = KMeansView.swift; sourceTree = "<group>"; };
		A8558BE9559F342EE1A1CE91 /* StatBox.swift */ = {isa = PBXFileReference; lastKnownFileType = sourcecode.swift; path = StatBox.swift; sourceTree = "<group>"; };
		B4B895E87CF79C9C16845A36 /* ProblemSolving_AlgorithmDesign.swift */ = {isa = PBXFileReference; lastKnownFileType = sourcecode.swift; path = ProblemSolving_AlgorithmDesign.swift; sourceTree = "<group>"; };
		C2B205267F4A91D83590C523 /* NeuralNetworkView.swift */ = {isa = PBXFileReference; lastKnownFileType = sourcecode.swift; path = NeuralNetworkView.swift; sourceTree = "<group>"; };
		CC2F5DB9D88A11AC6D1DA241 /* AIMLDL_NeuralNetworks.swift */ = {isa = PBXFileReference; lastKnownFileType = sourcecode.swift; path = AIMLDL_NeuralNetworks.swift; sourceTree = "<group>"; };
		D805B94B714C597D519BFF8D /* Computing_PyTorch.swift */ = {isa = PBXFileReference; lastKnownFileType = sourcecode.swift; path = Computing_PyTorch.swift; sourceTree = "<group>"; };
		DB4166EC82DE7C3CA38AE86C /* ContentView.swift */ = {isa = PBXFileReference; lastKnownFileType = sourcecode.swift; path = ContentView.swift; sourceTree = "<group>"; };
		DC578DD4410D0DE8DF58AE0A /* GridBackground.swift */ = {isa = PBXFileReference; lastKnownFileType = sourcecode.swift; path = GridBackground.swift; sourceTree = "<group>"; };
		DF7734423A3C4C9370A17344 /* ProblemSolving_Optimization.swift */ = {isa = PBXFileReference; lastKnownFileType = sourcecode.swift; path = ProblemSolving_Optimization.swift; sourceTree = "<group>"; };
		E101D939637C2BBEE70E7EF2 /* Color+Theme.swift */ = {isa = PBXFileReference; lastKnownFileType = sourcecode.swift; path = "Color+Theme.swift"; sourceTree = "<group>"; };
/* End PBXFileReference section */

/* Begin PBXGroup section */
		06BB97139483886DBBC7C971 /* Settings */ = {
			isa = PBXGroup;
			children = (
				A142DD8DDC7CDE89D7EFCF24 /* Views */,
			);
			path = Settings;
			sourceTree = "<group>";
		};
		0BCAEDB0CAF2430755E88713 /* ViewModels */ = {
			isa = PBXGroup;
			children = (
			);
			path = ViewModels;
			sourceTree = "<group>";
		};
		178E6BC48D49A5491F7F3667 /* Quiz */ = {
			isa = PBXGroup;
			children = (
				BD78C6BD97BB10682BAEC993 /* Models */,
				CA4805CEB64F985C31883459 /* ViewModels */,
				FF368DE4264CB411E627775F /* Views */,
			);
			path = Quiz;
			sourceTree = "<group>";
		};
		1903C71D8B604A6C5B996982 /* Profile */ = {
			isa = PBXGroup;
			children = (
				A4AC410C5488B08B66DC681D /* ViewModels */,
				C077ED5FCFEBF31D4B067770 /* Views */,
			);
			path = Profile;
			sourceTree = "<group>";
		};
		1D14DCE1C384C573A96FAD3D /* Lessons */ = {
			isa = PBXGroup;
			children = (
			);
			path = Lessons;
			sourceTree = "<group>";
		};
		32A28E227B1147BEC62BD666 /* NOAIPrep */ = {
			isa = PBXGroup;
			children = (
				96B13A5062B4A0FF5A239964 /* App */,
				7E8DE85FAC141F4996D62780 /* Core */,
				ACEC9DCB78F242589266093C /* Data */,
				720F80FEC28B6FD7891CCD64 /* Features */,
				5ACB47DC7DBD1BE697E89F0D /* NOAIPrep */,
				5219E86ADD3E06CD19B5E0E7 /* Resources */,
			);
			path = NOAIPrep;
			sourceTree = "<group>";
		};
		4518CBE18CFBC437ACF5987F /* Visualizations */ = {
			isa = PBXGroup;
			children = (
				4836A9DD0A102FA60DB60AAB /* ActivationFunctionsView.swift */,
				5B3FE6FD1F2460025E7CA558 /* GradientDescentView.swift */,
				A754AA549075D9B0858FB0FD /* KMeansView.swift */,
				070F9D3C8E2E26F352B7A98E /* LinearRegressionView.swift */,
				C2B205267F4A91D83590C523 /* NeuralNetworkView.swift */,
				33052E434DAA03CA0617E4AA /* VisualizationHomeView.swift */,
			);
			path = Visualizations;
			sourceTree = "<group>";
		};
		4B84F84BC32047AF6CF443A8 /* Components */ = {
			isa = PBXGroup;
			children = (
				DC578DD4410D0DE8DF58AE0A /* GridBackground.swift */,
				A8558BE9559F342EE1A1CE91 /* StatBox.swift */,
			);
			path = Components;
			sourceTree = "<group>";
		};
		4CE6194CDC3FC43E1DE01236 /* Questions */ = {
			isa = PBXGroup;
			children = (
				06E085AE5175A7D3F75E3ECF /* AIMLDL_ClassicalML.swift */,
				2C76FE25C7AA704FA8B0F5F0 /* AIMLDL_ComputerVision.swift */,
				A4F92880363CF46B2E1AEE65 /* AIMLDL_GenAI.swift */,
				CC2F5DB9D88A11AC6D1DA241 /* AIMLDL_NeuralNetworks.swift */,
				436C960E31BA9A6A370B56C8 /* AIMLDL_NLP.swift */,
				2FBBE17A0D9854405CAD52FC /* Computing_Debugging.swift */,
				64E3537D0413779A7D01545D /* Computing_NumPy.swift */,
				8114EFD51FFCB257D26D5C68 /* Computing_Pandas.swift */,
				53F5E5D834151A41052F9332 /* Computing_Python.swift */,
				D805B94B714C597D519BFF8D /* Computing_PyTorch.swift */,
				94EB83BCAA45554B7572E646 /* Math_Calculus.swift */,
				82C8BF0D74DADE1B87100EAB /* Math_LinearAlgebra.swift */,
				604021575E93325A1FC24030 /* Math_Optimization.swift */,
				8C04E0FD1BFA9D7C9FBEF6FE /* Math_Probability.swift */,
				B4B895E87CF79C9C16845A36 /* ProblemSolving_AlgorithmDesign.swift */,
				0BBA79FA2547A784ADD09C2B /* ProblemSolving_Debugging.swift */,
				DF7734423A3C4C9370A17344 /* ProblemSolving_Optimization.swift */,
				2E2A9869220E937E9EC8F776 /* ProblemSolving_SystemDesign.swift */,
			);
			path = Questions;
			sourceTree = "<group>";
		};
		5219E86ADD3E06CD19B5E0E7 /* Resources */ = {
			isa = PBXGroup;
			children = (
				595DA7C76B2BA0FA34530028 /* Assets.xcassets */,
				7385DD39D2CB5717C03A28B0 /* Info.plist */,
			);
			path = Resources;
			sourceTree = "<group>";
		};
		5ACB47DC7DBD1BE697E89F0D /* NOAIPrep */ = {
			isa = PBXGroup;
			children = (
				6E4B7F2B7206CE08690A501C /* Features */,
			);
			path = NOAIPrep;
			sourceTree = "<group>";
		};
		6126493015298ECA95E362B8 /* Visualizations */ = {
			isa = PBXGroup;
			children = (
			);
			path = Visualizations;
			sourceTree = "<group>";
		};
		69EE666BBE5F41AB94751749 /* Services */ = {
			isa = PBXGroup;
			children = (
				21F4CBF57D70D7677A4E5AEB /* ContentLoader.swift */,
				4EA0E9E962F2E226E0486A2F /* DataModels.swift */,
				872E50F0C8C295279992F1AC /* LanguageManager.swift */,
				9E4EA3AA5231DC40EF8E1C18 /* NOAIQuestionBank.swift */,
			);
			path = Services;
			sourceTree = "<group>";
		};
		6B16AA464125643486DCA3CC /* Learning */ = {
			isa = PBXGroup;
			children = (
				CC035D4D897C5C4995EAC8F9 /* Models */,
				F896BA18B587333BF749E17C /* ViewModels */,
				7A18778E7001A62D77870B1D /* Views */,
			);
			path = Learning;
			sourceTree = "<group>";
		};
		6E4B7F2B7206CE08690A501C /* Features */ = {
			isa = PBXGroup;
			children = (
				C5B9B499AAE4E9BFDFC77F21 /* Learning */,
			);
			path = Features;
			sourceTree = "<group>";
		};
		6EFBF12778CA9A554E7E615F /* Playground */ = {
			isa = PBXGroup;
			children = (
				CF633E12A0FDCA5E27BC7653 /* Models */,
				0BCAEDB0CAF2430755E88713 /* ViewModels */,
				720D03AA0C7550B63857F810 /* Views */,
			);
			path = Playground;
			sourceTree = "<group>";
		};
		720D03AA0C7550B63857F810 /* Views */ = {
			isa = PBXGroup;
			children = (
				75322372D1EBC649F76C5FE4 /* PlaygroundHomeView.swift */,
			);
			path = Views;
			sourceTree = "<group>";
		};
		720F80FEC28B6FD7891CCD64 /* Features */ = {
			isa = PBXGroup;
			children = (
				6B16AA464125643486DCA3CC /* Learning */,
				6EFBF12778CA9A554E7E615F /* Playground */,
				1903C71D8B604A6C5B996982 /* Profile */,
				178E6BC48D49A5491F7F3667 /* Quiz */,
				06BB97139483886DBBC7C971 /* Settings */,
			);
			path = Features;
			sourceTree = "<group>";
		};
		7A18778E7001A62D77870B1D /* Views */ = {
			isa = PBXGroup;
			children = (
				A53139D7078E530F8D976F01 /* LearningHomeView.swift */,
				18EFD4DD129EB52D387C28E3 /* LessonView.swift */,
				4518CBE18CFBC437ACF5987F /* Visualizations */,
			);
			path = Views;
			sourceTree = "<group>";
		};
		7E8DE85FAC141F4996D62780 /* Core */ = {
			isa = PBXGroup;
			children = (
				4B84F84BC32047AF6CF443A8 /* Components */,
				9B6AE2C48D74D97764481236 /* Extensions */,
				69EE666BBE5F41AB94751749 /* Services */,
			);
			path = Core;
			sourceTree = "<group>";
		};
		7EDD698A1437B2C6D8971010 /* Snippets */ = {
			isa = PBXGroup;
			children = (
			);
			path = Snippets;
			sourceTree = "<group>";
		};
		96B13A5062B4A0FF5A239964 /* App */ = {
			isa = PBXGroup;
			children = (
				DB4166EC82DE7C3CA38AE86C /* ContentView.swift */,
				369DD95EF1F42AEDE115C478 /* NOAIPrepApp.swift */,
			);
			path = App;
			sourceTree = "<group>";
		};
		9B6AE2C48D74D97764481236 /* Extensions */ = {
			isa = PBXGroup;
			children = (
				E101D939637C2BBEE70E7EF2 /* Color+Theme.swift */,
			);
			path = Extensions;
			sourceTree = "<group>";
		};
		9E5DB2B5A35D0CC1A264FB15 /* Views */ = {
			isa = PBXGroup;
			children = (
				6126493015298ECA95E362B8 /* Visualizations */,
			);
			path = Views;
			sourceTree = "<group>";
		};
		A142DD8DDC7CDE89D7EFCF24 /* Views */ = {
			isa = PBXGroup;
			children = (
			);
			path = Views;
			sourceTree = "<group>";
		};
		A4AC410C5488B08B66DC681D /* ViewModels */ = {
			isa = PBXGroup;
			children = (
			);
			path = ViewModels;
			sourceTree = "<group>";
		};
		ACEC9DCB78F242589266093C /* Data */ = {
			isa = PBXGroup;
			children = (
				1D14DCE1C384C573A96FAD3D /* Lessons */,
				4CE6194CDC3FC43E1DE01236 /* Questions */,
				7EDD698A1437B2C6D8971010 /* Snippets */,
			);
			path = Data;
			sourceTree = "<group>";
		};
		BD78C6BD97BB10682BAEC993 /* Models */ = {
			isa = PBXGroup;
			children = (
			);
			path = Models;
			sourceTree = "<group>";
		};
		BEC6558CC955E582A7AA249D /* Products */ = {
			isa = PBXGroup;
			children = (
				96A1B188CFDEC777192B8744 /* NOAIPrep.app */,
			);
			name = Products;
			sourceTree = "<group>";
		};
		C077ED5FCFEBF31D4B067770 /* Views */ = {
			isa = PBXGroup;
			children = (
				548BC9AF213CE2A8DDFBCE3C /* ProfileView.swift */,
			);
			path = Views;
			sourceTree = "<group>";
		};
		C5B9B499AAE4E9BFDFC77F21 /* Learning */ = {
			isa = PBXGroup;
			children = (
				9E5DB2B5A35D0CC1A264FB15 /* Views */,
			);
			path = Learning;
			sourceTree = "<group>";
		};
		CA4805CEB64F985C31883459 /* ViewModels */ = {
			isa = PBXGroup;
			children = (
			);
			path = ViewModels;
			sourceTree = "<group>";
		};
		CC035D4D897C5C4995EAC8F9 /* Models */ = {
			isa = PBXGroup;
			children = (
			);
			path = Models;
			sourceTree = "<group>";
		};
		CDC52076FE0F337B6A16EAF4 = {
			isa = PBXGroup;
			children = (
				32A28E227B1147BEC62BD666 /* NOAIPrep */,
				BEC6558CC955E582A7AA249D /* Products */,
			);
			sourceTree = "<group>";
		};
		CF633E12A0FDCA5E27BC7653 /* Models */ = {
			isa = PBXGroup;
			children = (
			);
			path = Models;
			sourceTree = "<group>";
		};
		F896BA18B587333BF749E17C /* ViewModels */ = {
			isa = PBXGroup;
			children = (
			);
			path = ViewModels;
			sourceTree = "<group>";
		};
		FF368DE4264CB411E627775F /* Views */ = {
			isa = PBXGroup;
			children = (
				676E6E42857FF5CB4F8E44C9 /* QuizHomeView.swift */,
				3E8639771D175329FCED10A8 /* QuizSessionView.swift */,
				46D770673DECE1D60D82C745 /* ResultsView.swift */,
			);
			path = Views;
			sourceTree = "<group>";
		};
/* End PBXGroup section */

/* Begin PBXNativeTarget section */
		62F0F1DCF42735F41B43635F /* NOAIPrep */ = {
			isa = PBXNativeTarget;
			buildConfigurationList = 35E20F5DC99F7616B29145B3 /* Build configuration list for PBXNativeTarget "NOAIPrep" */;
			buildPhases = (
				7FF12C75FD8FA9688A1FBB36 /* Sources */,
				CDC2C1538EF1CEFAB62C88E5 /* Resources */,
			);
			buildRules = (
			);
			dependencies = (
			);
			name = NOAIPrep;
			packageProductDependencies = (
			);
			productName = NOAIPrep;
			productReference = 96A1B188CFDEC777192B8744 /* NOAIPrep.app */;
			productType = "com.apple.product-type.application";
		};
/* End PBXNativeTarget section */

/* Begin PBXProject section */
		AE8B6739B7FFCC44A8DC9954 /* Project object */ = {
			isa = PBXProject;
			attributes = {
				BuildIndependentTargetsInParallel = YES;
				LastUpgradeCheck = 1500;
				TargetAttributes = {
					62F0F1DCF42735F41B43635F = {
						DevelopmentTeam = 8PP4GN4JBD;
						ProvisioningStyle = Automatic;
					};
				};
			};
			buildConfigurationList = 8CA87D75D3EA5F5C526FD27D /* Build configuration list for PBXProject "NOAIPrep" */;
			compatibilityVersion = "Xcode 14.0";
			developmentRegion = en;
			hasScannedForEncodings = 0;
			knownRegions = (
				Base,
				en,
			);
			mainGroup = CDC52076FE0F337B6A16EAF4;
			minimizedProjectReferenceProxies = 1;
			preferredProjectObjectVersion = 77;
			projectDirPath = "";
			projectRoot = "";
			targets = (
				62F0F1DCF42735F41B43635F /* NOAIPrep */,
			);
		};
/* End PBXProject section */

/* Begin PBXResourcesBuildPhase section */
		CDC2C1538EF1CEFAB62C88E5 /* Resources */ = {
			isa = PBXResourcesBuildPhase;
			buildActionMask = 2147483647;
			files = (
				2F93663036C526FDB84D4472 /* Assets.xcassets in Resources */,
			);
			runOnlyForDeploymentPostprocessing = 0;
		};
/* End PBXResourcesBuildPhase section */

/* Begin PBXSourcesBuildPhase section */
		7FF12C75FD8FA9688A1FBB36 /* Sources */ = {
			isa = PBXSourcesBuildPhase;
			buildActionMask = 2147483647;
			files = (
				9F2BC910639FE7B339DD16D0 /* AIMLDL_ClassicalML.swift in Sources */,
				E3A7B34408B210851359F72A /* AIMLDL_ComputerVision.swift in Sources */,
				7D225F12C5003E48E5D35836 /* AIMLDL_GenAI.swift in Sources */,
				3F365B2589987F899C6C036A /* AIMLDL_NLP.swift in Sources */,
				57DC5289543C73BC00A0D90B /* AIMLDL_NeuralNetworks.swift in Sources */,
				374BFD849E6D7CC55E64BEFB /* ActivationFunctionsView.swift in Sources */,
				DC2BB62790C5D1D1E334F041 /* Color+Theme.swift in Sources */,
				4E150F14C0171507AA7D6301 /* Computing_Debugging.swift in Sources */,
				607DEC1702290DCF5ABD4156 /* Computing_NumPy.swift in Sources */,
				A2B7F6B44F2928E1D6F510DD /* Computing_Pandas.swift in Sources */,
				D19DF69EC20BC8B1F3A0906E /* Computing_PyTorch.swift in Sources */,
				E8E3D84E70F06AB8F5A381F3 /* Computing_Python.swift in Sources */,
				0FC314E0F94FFC00C8F3EE48 /* ContentLoader.swift in Sources */,
				AEC627A736C01AA9A7C681E1 /* ContentView.swift in Sources */,
				59270BC26111D3D4237032D3 /* DataModels.swift in Sources */,
				06A03DD249CF20D348468B79 /* GradientDescentView.swift in Sources */,
				CFF35CE377B9D96A90B7F985 /* GridBackground.swift in Sources */,
				9E79AEB6CA2F6DE520162852 /* KMeansView.swift in Sources */,
				004151BA95645ACF55026B4B /* LanguageManager.swift in Sources */,
				75289E8ECFBF5F43ED02A9FF /* LearningHomeView.swift in Sources */,
				47DC64DD04E117675B3A6061 /* LessonView.swift in Sources */,
				3362A39D8A4DEDCF3BBE9445 /* LinearRegressionView.swift in Sources */,
				80444935ECB2C27092DABEA9 /* Math_Calculus.swift in Sources */,
				06FD44028016891ECCBBA77A /* Math_LinearAlgebra.swift in Sources */,
				806425887779285E8FB3D6FA /* Math_Optimization.swift in Sources */,
				3FAC91401BAFD157513A8A2B /* Math_Probability.swift in Sources */,
				BE5E5F25D30431CC00EA1A55 /* NOAIPrepApp.swift in Sources */,
				8FA1849462325BC01CBCC221 /* NOAIQuestionBank.swift in Sources */,
				1B88A92587D8B23565145E04 /* NeuralNetworkView.swift in Sources */,
				C30F420E5738A058702E730E /* PlaygroundHomeView.swift in Sources */,
				939E2EF5E1747CA2597583A8 /* ProblemSolving_AlgorithmDesign.swift in Sources */,
				D382410A5387B5201CE3A0DF /* ProblemSolving_Debugging.swift in Sources */,
				2DB634F01A1AEDE5F61651F2 /* ProblemSolving_Optimization.swift in Sources */,
				49A7EF4C60A4ED0E17E40EEA /* ProblemSolving_SystemDesign.swift in Sources */,
				7323FD7953DB77D930E259A3 /* ProfileView.swift in Sources */,
				E92338E4CDAE88B60B1E25CC /* QuizHomeView.swift in Sources */,
				3A451D0DA2FB06466FF9D934 /* QuizSessionView.swift in Sources */,
				70C96C07AC285B5CE5B0CEAC /* ResultsView.swift in Sources */,
				D5B5172EA64E4115E07D9DC8 /* StatBox.swift in Sources */,
				ED5E858AD4C87898174A6F00 /* VisualizationHomeView.swift in Sources */,
			);
			runOnlyForDeploymentPostprocessing = 0;
		};
/* End PBXSourcesBuildPhase section */

/* Begin XCBuildConfiguration section */
		1B0D5AC4F425CF42C26AE1FD /* Debug */ = {
			isa = XCBuildConfiguration;
			buildSettings = {
				ASSETCATALOG_COMPILER_APPICON_NAME = AppIcon;
				ASSETCATALOG_COMPILER_GLOBAL_ACCENT_COLOR_NAME = AccentColor;
				CODE_SIGN_IDENTITY = "iPhone Developer";
				INFOPLIST_FILE = NOAIPrep/Resources/Info.plist;
				INFOPLIST_KEY_UIApplicationSceneManifest_Generation = YES;
				INFOPLIST_KEY_UIApplicationSupportsIndirectInputEvents = YES;
				INFOPLIST_KEY_UILaunchScreen_Generation = YES;
				INFOPLIST_KEY_UISupportedInterfaceOrientations_iPad = "UIInterfaceOrientationPortrait UIInterfaceOrientationPortraitUpsideDown UIInterfaceOrientationLandscapeLeft UIInterfaceOrientationLandscapeRight";
				INFOPLIST_KEY_UISupportedInterfaceOrientations_iPhone = "UIInterfaceOrientationPortrait UIInterfaceOrientationLandscapeLeft UIInterfaceOrientationLandscapeRight";
				LD_RUNPATH_SEARCH_PATHS = (
					"$(inherited)",
					"@executable_path/Frameworks",
				);
				PRODUCT_BUNDLE_IDENTIFIER = com.noaiprep.app;
				PRODUCT_NAME = "NOAI Prep";
				SDKROOT = iphoneos;
				TARGETED_DEVICE_FAMILY = "1,2";
			};
			name = Debug;
		};
		22AD2B6A0EC8CD8926765790 /* Debug */ = {
			isa = XCBuildConfiguration;
			buildSettings = {
				ALWAYS_SEARCH_USER_PATHS = NO;
				CLANG_ANALYZER_NONNULL = YES;
				CLANG_ANALYZER_NUMBER_OBJECT_CONVERSION = YES_AGGRESSIVE;
				CLANG_CXX_LANGUAGE_STANDARD = "gnu++14";
				CLANG_CXX_LIBRARY = "libc++";
				CLANG_ENABLE_MODULES = YES;
				CLANG_ENABLE_OBJC_ARC = YES;
				CLANG_ENABLE_OBJC_WEAK = YES;
				CLANG_WARN_BLOCK_CAPTURE_AUTORELEASING = YES;
				CLANG_WARN_BOOL_CONVERSION = YES;
				CLANG_WARN_COMMA = YES;
				CLANG_WARN_CONSTANT_CONVERSION = YES;
				CLANG_WARN_DEPRECATED_OBJC_IMPLEMENTATIONS = YES;
				CLANG_WARN_DIRECT_OBJC_ISA_USAGE = YES_ERROR;
				CLANG_WARN_DOCUMENTATION_COMMENTS = YES;
				CLANG_WARN_EMPTY_BODY = YES;
				CLANG_WARN_ENUM_CONVERSION = YES;
				CLANG_WARN_INFINITE_RECURSION = YES;
				CLANG_WARN_INT_CONVERSION = YES;
				CLANG_WARN_NON_LITERAL_NULL_CONVERSION = YES;
				CLANG_WARN_OBJC_IMPLICIT_RETAIN_SELF = YES;
				CLANG_WARN_OBJC_LITERAL_CONVERSION = YES;
				CLANG_WARN_OBJC_ROOT_CLASS = YES_ERROR;
				CLANG_WARN_QUOTED_INCLUDE_IN_FRAMEWORK_HEADER = YES;
				CLANG_WARN_RANGE_LOOP_ANALYSIS = YES;
				CLANG_WARN_STRICT_PROTOTYPES = YES;
				CLANG_WARN_SUSPICIOUS_MOVE = YES;
				CLANG_WARN_UNGUARDED_AVAILABILITY = YES_AGGRESSIVE;
				CLANG_WARN_UNREACHABLE_CODE = YES;
				CLANG_WARN__DUPLICATE_METHOD_MATCH = YES;
				CODE_SIGN_STYLE = Automatic;
				COPY_PHASE_STRIP = NO;
				DEBUG_INFORMATION_FORMAT = dwarf;
				DEVELOPMENT_TEAM = 8PP4GN4JBD;
				ENABLE_STRICT_OBJC_MSGSEND = YES;
				ENABLE_TESTABILITY = YES;
				GCC_C_LANGUAGE_STANDARD = gnu11;
				GCC_DYNAMIC_NO_PIC = NO;
				GCC_NO_COMMON_BLOCKS = YES;
				GCC_OPTIMIZATION_LEVEL = 0;
				GCC_PREPROCESSOR_DEFINITIONS = (
					"$(inherited)",
					"DEBUG=1",
				);
				GCC_WARN_64_TO_32_BIT_CONVERSION = YES;
				GCC_WARN_ABOUT_RETURN_TYPE = YES_ERROR;
				GCC_WARN_UNDECLARED_SELECTOR = YES;
				GCC_WARN_UNINITIALIZED_AUTOS = YES_AGGRESSIVE;
				GCC_WARN_UNUSED_FUNCTION = YES;
				GCC_WARN_UNUSED_VARIABLE = YES;
				GENERATE_INFOPLIST_FILE = YES;
				INFOPLIST_FILE = NOAIPrep/Resources/Info.plist;
				IPHONEOS_DEPLOYMENT_TARGET = 17.0;
				MTL_ENABLE_DEBUG_INFO = INCLUDE_SOURCE;
				MTL_FAST_MATH = YES;
				ONLY_ACTIVE_ARCH = YES;
				PRODUCT_NAME = "$(TARGET_NAME)";
				SDKROOT = iphoneos;
				SWIFT_ACTIVE_COMPILATION_CONDITIONS = DEBUG;
				SWIFT_OPTIMIZATION_LEVEL = "-Onone";
				SWIFT_VERSION = 6.0;
			};
			name = Debug;
		};
		7EEEE0946C2D524BEF87C538 /* Release */ = {
			isa = XCBuildConfiguration;
			buildSettings = {
				ASSETCATALOG_COMPILER_APPICON_NAME = AppIcon;
				ASSETCATALOG_COMPILER_GLOBAL_ACCENT_COLOR_NAME = AccentColor;
				CODE_SIGN_IDENTITY = "iPhone Developer";
				INFOPLIST_FILE = NOAIPrep/Resources/Info.plist;
				INFOPLIST_KEY_UIApplicationSceneManifest_Generation = YES;
				INFOPLIST_KEY_UIApplicationSupportsIndirectInputEvents = YES;
				INFOPLIST_KEY_UILaunchScreen_Generation = YES;
				INFOPLIST_KEY_UISupportedInterfaceOrientations_iPad = "UIInterfaceOrientationPortrait UIInterfaceOrientationPortraitUpsideDown UIInterfaceOrientationLandscapeLeft UIInterfaceOrientationLandscapeRight";
				INFOPLIST_KEY_UISupportedInterfaceOrientations_iPhone = "UIInterfaceOrientationPortrait UIInterfaceOrientationLandscapeLeft UIInterfaceOrientationLandscapeRight";
				LD_RUNPATH_SEARCH_PATHS = (
					"$(inherited)",
					"@executable_path/Frameworks",
				);
				PRODUCT_BUNDLE_IDENTIFIER = com.noaiprep.app;
				PRODUCT_NAME = "NOAI Prep";
				SDKROOT = iphoneos;
				TARGETED_DEVICE_FAMILY = "1,2";
			};
			name = Release;
		};
		C0BF9851BEBEF6F6F0C65C43 /* Release */ = {
			isa = XCBuildConfiguration;
			buildSettings = {
				ALWAYS_SEARCH_USER_PATHS = NO;
				CLANG_ANALYZER_NONNULL = YES;
				CLANG_ANALYZER_NUMBER_OBJECT_CONVERSION = YES_AGGRESSIVE;
				CLANG_CXX_LANGUAGE_STANDARD = "gnu++14";
				CLANG_CXX_LIBRARY = "libc++";
				CLANG_ENABLE_MODULES = YES;
				CLANG_ENABLE_OBJC_ARC = YES;
				CLANG_ENABLE_OBJC_WEAK = YES;
				CLANG_WARN_BLOCK_CAPTURE_AUTORELEASING = YES;
				CLANG_WARN_BOOL_CONVERSION = YES;
				CLANG_WARN_COMMA = YES;
				CLANG_WARN_CONSTANT_CONVERSION = YES;
				CLANG_WARN_DEPRECATED_OBJC_IMPLEMENTATIONS = YES;
				CLANG_WARN_DIRECT_OBJC_ISA_USAGE = YES_ERROR;
				CLANG_WARN_DOCUMENTATION_COMMENTS = YES;
				CLANG_WARN_EMPTY_BODY = YES;
				CLANG_WARN_ENUM_CONVERSION = YES;
				CLANG_WARN_INFINITE_RECURSION = YES;
				CLANG_WARN_INT_CONVERSION = YES;
				CLANG_WARN_NON_LITERAL_NULL_CONVERSION = YES;
				CLANG_WARN_OBJC_IMPLICIT_RETAIN_SELF = YES;
				CLANG_WARN_OBJC_LITERAL_CONVERSION = YES;
				CLANG_WARN_OBJC_ROOT_CLASS = YES_ERROR;
				CLANG_WARN_QUOTED_INCLUDE_IN_FRAMEWORK_HEADER = YES;
				CLANG_WARN_RANGE_LOOP_ANALYSIS = YES;
				CLANG_WARN_STRICT_PROTOTYPES = YES;
				CLANG_WARN_SUSPICIOUS_MOVE = YES;
				CLANG_WARN_UNGUARDED_AVAILABILITY = YES_AGGRESSIVE;
				CLANG_WARN_UNREACHABLE_CODE = YES;
				CLANG_WARN__DUPLICATE_METHOD_MATCH = YES;
				CODE_SIGN_STYLE = Automatic;
				COPY_PHASE_STRIP = NO;
				DEBUG_INFORMATION_FORMAT = "dwarf-with-dsym";
				DEVELOPMENT_TEAM = 8PP4GN4JBD;
				ENABLE_NS_ASSERTIONS = NO;
				ENABLE_STRICT_OBJC_MSGSEND = YES;
				GCC_C_LANGUAGE_STANDARD = gnu11;
				GCC_NO_COMMON_BLOCKS = YES;
				GCC_WARN_64_TO_32_BIT_CONVERSION = YES;
				GCC_WARN_ABOUT_RETURN_TYPE = YES_ERROR;
				GCC_WARN_UNDECLARED_SELECTOR = YES;
				GCC_WARN_UNINITIALIZED_AUTOS = YES_AGGRESSIVE;
				GCC_WARN_UNUSED_FUNCTION = YES;
				GCC_WARN_UNUSED_VARIABLE = YES;
				GENERATE_INFOPLIST_FILE = YES;
				INFOPLIST_FILE = NOAIPrep/Resources/Info.plist;
				IPHONEOS_DEPLOYMENT_TARGET = 17.0;
				MTL_ENABLE_DEBUG_INFO = NO;
				MTL_FAST_MATH = YES;
				PRODUCT_NAME = "$(TARGET_NAME)";
				SDKROOT = iphoneos;
				SWIFT_COMPILATION_MODE = wholemodule;
				SWIFT_OPTIMIZATION_LEVEL = "-O";
				SWIFT_VERSION = 6.0;
			};
			name = Release;
		};
/* End XCBuildConfiguration section */

/* Begin XCConfigurationList section */
		35E20F5DC99F7616B29145B3 /* Build configuration list for PBXNativeTarget "NOAIPrep" */ = {
			isa = XCConfigurationList;
			buildConfigurations = (
				1B0D5AC4F425CF42C26AE1FD /* Debug */,
				7EEEE0946C2D524BEF87C538 /* Release */,
			);
			defaultConfigurationIsVisible = 0;
			defaultConfigurationName = Debug;
		};
		8CA87D75D3EA5F5C526FD27D /* Build configuration list for PBXProject "NOAIPrep" */ = {
			isa = XCConfigurationList;
			buildConfigurations = (
				22AD2B6A0EC8CD8926765790 /* Debug */,
				C0BF9851BEBEF6F6F0C65C43 /* Release */,
			);
			defaultConfigurationIsVisible = 0;
			defaultConfigurationName = Debug;
		};
/* End XCConfigurationList section */
	};
	rootObject = AE8B6739B7FFCC44A8DC9954 /* Project object */;
}
